# THIS IS AN AUTOGENERATED FILE. DO NOT EDIT THIS FILE DIRECTLY.
# yarn lockfile v1


"@types/throttle-debounce@^1.1.1":
  version "1.1.1"
  resolved "https://registry.yarnpkg.com/@types/throttle-debounce/-/throttle-debounce-1.1.1.tgz#4a78636c36a4534b76d85ee244fce238d435f22a"
  integrity sha512-VhX9p0l8p3TS27XU+CnDfhdnzW7HpVgtKiYDh/lfucSAz8s9uTt0q4aPwcYIr+q+3/NghlU3smXBW6ItvfJKYQ==

throttle-debounce@^2.1.0:
  version "2.1.0"
  resolved "https://registry.yarnpkg.com/throttle-debounce/-/throttle-debounce-2.1.0.tgz#257e648f0a56bd9e54fe0f132c4ab8611df4e1d5"
  integrity sha512-AOvyNahXQuU7NN+VVvOOX+uW6FPaWdAOdRP5HfwYxAfCzXTFKRMoIMk+n+po318+ktcChx+F1Dd91G3YHeMKyg==
